
Microsoft Visual Studio Solution File, Format Version 12.00
# Visual Studio Version 17
VisualStudioVersion = 17.3.32901.215
MinimumVisualStudioVersion = 10.0.40219.1
Project("{2150E333-8FDC-42A3-9474-1A3956D46DE8}") = "Services", "Services", "{022342EC-ADA2-4DF1-8195-3A530FDCEA60}"
EndProject
Project("{2150E333-8FDC-42A3-9474-1A3956D46DE8}") = "Catalogue.API", "Catalogue.API", "{3A8ED5FD-9003-486B-A006-404D79E47EBA}"
EndProject
Project("{9A19103F-16F7-4668-BE54-9A1E7A4F7556}") = "CatalogueAPI", "Services\Catalogue.API\CatalogueAPI\CatalogueAPI.csproj", "{7DD4B351-9CAD-45EF-9789-0F3E9BEBA8E5}"
EndProject
Project("{E53339B2-1760-4266-BCC7-CA923CBCF16C}") = "docker-compose", "docker-compose.dcproj", "{61A9EE7D-DEC1-4628-A8BC-DEBE72444D86}"
EndProject
Project("{2150E333-8FDC-42A3-9474-1A3956D46DE8}") = "Basket", "Basket", "{AF245CE7-147C-46D9-9FDF-57CA808F7029}"
EndProject
Project("{9A19103F-16F7-4668-BE54-9A1E7A4F7556}") = "Basket.API", "Services\Basket\Basket.API\Basket.API.csproj", "{885AE557-1D73-42BC-9CEE-8C1BCF34244E}"
EndProject
Project("{2150E333-8FDC-42A3-9474-1A3956D46DE8}") = "Discount", "Discount", "{6C27659C-6CA7-4F11-9422-CE28E7B79DA2}"
EndProject
Project("{9A19103F-16F7-4668-BE54-9A1E7A4F7556}") = "Discount.API", "Services\Discount\Discount.API\Discount.API.csproj", "{B771769C-84CD-4E01-9D0E-F6C1B2A58FA7}"
EndProject
Project("{9A19103F-16F7-4668-BE54-9A1E7A4F7556}") = "Discount.grpc", "Services\Discount\Discount.grpc\Discount.grpc.csproj", "{852CCBCB-DA44-4484-8A90-A139356B710D}"
EndProject
Global
	GlobalSection(SolutionConfigurationPlatforms) = preSolution
		Debug|Any CPU = Debug|Any CPU
		Release|Any CPU = Release|Any CPU
	EndGlobalSection
	GlobalSection(ProjectConfigurationPlatforms) = postSolution
		{7DD4B351-9CAD-45EF-9789-0F3E9BEBA8E5}.Debug|Any CPU.ActiveCfg = Debug|Any CPU
		{7DD4B351-9CAD-45EF-9789-0F3E9BEBA8E5}.Debug|Any CPU.Build.0 = Debug|Any CPU
		{7DD4B351-9CAD-45EF-9789-0F3E9BEBA8E5}.Release|Any CPU.ActiveCfg = Release|Any CPU
		{7DD4B351-9CAD-45EF-9789-0F3E9BEBA8E5}.Release|Any CPU.Build.0 = Release|Any CPU
		{61A9EE7D-DEC1-4628-A8BC-DEBE72444D86}.Debug|Any CPU.ActiveCfg = Debug|Any CPU
		{61A9EE7D-DEC1-4628-A8BC-DEBE72444D86}.Debug|Any CPU.Build.0 = Debug|Any CPU
		{61A9EE7D-DEC1-4628-A8BC-DEBE72444D86}.Release|Any CPU.ActiveCfg = Release|Any CPU
		{61A9EE7D-DEC1-4628-A8BC-DEBE72444D86}.Release|Any CPU.Build.0 = Release|Any CPU
		{885AE557-1D73-42BC-9CEE-8C1BCF34244E}.Debug|Any CPU.ActiveCfg = Debug|Any CPU
		{885AE557-1D73-42BC-9CEE-8C1BCF34244E}.Debug|Any CPU.Build.0 = Debug|Any CPU
		{885AE557-1D73-42BC-9CEE-8C1BCF34244E}.Release|Any CPU.ActiveCfg = Release|Any CPU
		{885AE557-1D73-42BC-9CEE-8C1BCF34244E}.Release|Any CPU.Build.0 = Release|Any CPU
		{B771769C-84CD-4E01-9D0E-F6C1B2A58FA7}.Debug|Any CPU.ActiveCfg = Debug|Any CPU
		{B771769C-84CD-4E01-9D0E-F6C1B2A58FA7}.Debug|Any CPU.Build.0 = Debug|Any CPU
		{B771769C-84CD-4E01-9D0E-F6C1B2A58FA7}.Release|Any CPU.ActiveCfg = Release|Any CPU
		{B771769C-84CD-4E01-9D0E-F6C1B2A58FA7}.Release|Any CPU.Build.0 = Release|Any CPU
		{852CCBCB-DA44-4484-8A90-A139356B710D}.Debug|Any CPU.ActiveCfg = Debug|Any CPU
		{852CCBCB-DA44-4484-8A90-A139356B710D}.Debug|Any CPU.Build.0 = Debug|Any CPU
		{852CCBCB-DA44-4484-8A90-A139356B710D}.Release|Any CPU.ActiveCfg = Release|Any CPU
		{852CCBCB-DA44-4484-8A90-A139356B710D}.Release|Any CPU.Build.0 = Release|Any CPU
	EndGlobalSection
	GlobalSection(SolutionProperties) = preSolution
		HideSolutionNode = FALSE
	EndGlobalSection
	GlobalSection(NestedProjects) = preSolution
		{3A8ED5FD-9003-486B-A006-404D79E47EBA} = {022342EC-ADA2-4DF1-8195-3A530FDCEA60}
		{7DD4B351-9CAD-45EF-9789-0F3E9BEBA8E5} = {3A8ED5FD-9003-486B-A006-404D79E47EBA}
		{AF245CE7-147C-46D9-9FDF-57CA808F7029} = {022342EC-ADA2-4DF1-8195-3A530FDCEA60}
		{885AE557-1D73-42BC-9CEE-8C1BCF34244E} = {AF245CE7-147C-46D9-9FDF-57CA808F7029}
		{6C27659C-6CA7-4F11-9422-CE28E7B79DA2} = {022342EC-ADA2-4DF1-8195-3A530FDCEA60}
		{B771769C-84CD-4E01-9D0E-F6C1B2A58FA7} = {6C27659C-6CA7-4F11-9422-CE28E7B79DA2}
		{852CCBCB-DA44-4484-8A90-A139356B710D} = {6C27659C-6CA7-4F11-9422-CE28E7B79DA2}
	EndGlobalSection
	GlobalSection(ExtensibilityGlobals) = postSolution
		SolutionGuid = {D50C6FE1-D605-429B-BC44-B683F3E87AEF}
	EndGlobalSection
EndGlobal
